
Microsoft Visual Studio Solution File, Format Version 12.00
# Visual Studio Version 17
VisualStudioVersion = 17.7.34031.279
MinimumVisualStudioVersion = 10.0.40219.1
Project("{FAE04EC0-301F-11D3-BF4B-00C04F79EFBC}") = "SyndicPfaApp", "SyndicPfaApp\SyndicPfaApp.csproj", "{C1B42FB8-C940-4199-A5A3-C7D4FC754521}"
EndProject
Global
	GlobalSection(SolutionConfigurationPlatforms) = preSolution
		Debug|Any CPU = Debug|Any CPU
		Release|Any CPU = Release|Any CPU
	EndGlobalSection
	GlobalSection(ProjectConfigurationPlatforms) = postSolution
		{C1B42FB8-C940-4199-A5A3-C7D4FC754521}.Debug|Any CPU.ActiveCfg = Debug|Any CPU
		{C1B42FB8-C940-4199-A5A3-C7D4FC754521}.Debug|Any CPU.Build.0 = Debug|Any CPU
		{C1B42FB8-C940-4199-A5A3-C7D4FC754521}.Release|Any CPU.ActiveCfg = Release|Any CPU
		{C1B42FB8-C940-4199-A5A3-C7D4FC754521}.Release|Any CPU.Build.0 = Release|Any CPU
	EndGlobalSection
	GlobalSection(SolutionProperties) = preSolution
		HideSolutionNode = FALSE
	EndGlobalSection
	GlobalSection(ExtensibilityGlobals) = postSolution
		SolutionGuid = {474B7CDA-FF4D-4F6C-B02D-6D34A9FFECB9}
	EndGlobalSection
EndGlobal
